
Microsoft Visual Studio Solution File, Format Version 12.00
# Visual Studio Version 17
VisualStudioVersion = 17.9.34902.65
MinimumVisualStudioVersion = 10.0.40219.1
Project("{FAE04EC0-301F-11D3-BF4B-00C04F79EFBC}") = "HostConfiguration", "HostConfiguration\HostConfiguration.csproj", "{7F09ABAC-4CBE-49A8-A7BE-B15DDE65019D}"
EndProject
Global
	GlobalSection(SolutionConfigurationPlatforms) = preSolution
		Debug|Any CPU = Debug|Any CPU
		Release|Any CPU = Release|Any CPU
	EndGlobalSection
	GlobalSection(ProjectConfigurationPlatforms) = postSolution
		{7F09ABAC-4CBE-49A8-A7BE-B15DDE65019D}.Debug|Any CPU.ActiveCfg = Debug|Any CPU
		{7F09ABAC-4CBE-49A8-A7BE-B15DDE65019D}.Debug|Any CPU.Build.0 = Debug|Any CPU
		{7F09ABAC-4CBE-49A8-A7BE-B15DDE65019D}.Release|Any CPU.ActiveCfg = Release|Any CPU
		{7F09ABAC-4CBE-49A8-A7BE-B15DDE65019D}.Release|Any CPU.Build.0 = Release|Any CPU
	EndGlobalSection
	GlobalSection(SolutionProperties) = preSolution
		HideSolutionNode = FALSE
	EndGlobalSection
	GlobalSection(ExtensibilityGlobals) = postSolution
		SolutionGuid = {28AB3FAE-B20F-4874-96D4-78136ADEE30C}
	EndGlobalSection
EndGlobal
